
Microsoft Visual Studio Solution File, Format Version 12.00
# Visual Studio 2012
Project("{FAE04EC0-301F-11D3-BF4B-00C04F79EFBC}") = "TipCalc.Core", "TipCalc.Core\TipCalc.Core.csproj", "{B4057E3F-B6D3-4DA8-A46F-A5127B4702DB}"
EndProject
Project("{FAE04EC0-301F-11D3-BF4B-00C04F79EFBC}") = "TipCalc.UI.Touch", "TipCalc.UI.Touch\TipCalc.UI.Touch.csproj", "{19D4CA1F-E966-4BB3-9E3E-C924293EFC35}"
EndProject
Global
	GlobalSection(SolutionConfigurationPlatforms) = preSolution
		Debug|Any CPU = Debug|Any CPU
		Release|Any CPU = Release|Any CPU
		Debug|iPhoneSimulator = Debug|iPhoneSimulator
		Release|iPhoneSimulator = Release|iPhoneSimulator
		Debug|iPhone = Debug|iPhone
		Release|iPhone = Release|iPhone
		Ad-Hoc|iPhone = Ad-Hoc|iPhone
		AppStore|iPhone = AppStore|iPhone
	EndGlobalSection
	GlobalSection(ProjectConfigurationPlatforms) = postSolution
		{19D4CA1F-E966-4BB3-9E3E-C924293EFC35}.Ad-Hoc|iPhone.ActiveCfg = Ad-Hoc|iPhone
		{19D4CA1F-E966-4BB3-9E3E-C924293EFC35}.Ad-Hoc|iPhone.Build.0 = Ad-Hoc|iPhone
		{19D4CA1F-E966-4BB3-9E3E-C924293EFC35}.AppStore|iPhone.ActiveCfg = AppStore|iPhone
		{19D4CA1F-E966-4BB3-9E3E-C924293EFC35}.AppStore|iPhone.Build.0 = AppStore|iPhone
		{19D4CA1F-E966-4BB3-9E3E-C924293EFC35}.Debug|Any CPU.ActiveCfg = Debug|iPhoneSimulator
		{19D4CA1F-E966-4BB3-9E3E-C924293EFC35}.Debug|Any CPU.Build.0 = Debug|iPhoneSimulator
		{19D4CA1F-E966-4BB3-9E3E-C924293EFC35}.Debug|iPhone.ActiveCfg = Debug|iPhone
		{19D4CA1F-E966-4BB3-9E3E-C924293EFC35}.Debug|iPhone.Build.0 = Debug|iPhone
		{19D4CA1F-E966-4BB3-9E3E-C924293EFC35}.Debug|iPhoneSimulator.ActiveCfg = Debug|iPhoneSimulator
		{19D4CA1F-E966-4BB3-9E3E-C924293EFC35}.Debug|iPhoneSimulator.Build.0 = Debug|iPhoneSimulator
		{19D4CA1F-E966-4BB3-9E3E-C924293EFC35}.Release|Any CPU.ActiveCfg = Release|iPhoneSimulator
		{19D4CA1F-E966-4BB3-9E3E-C924293EFC35}.Release|Any CPU.Build.0 = Release|iPhoneSimulator
		{19D4CA1F-E966-4BB3-9E3E-C924293EFC35}.Release|iPhone.ActiveCfg = Release|iPhone
		{19D4CA1F-E966-4BB3-9E3E-C924293EFC35}.Release|iPhone.Build.0 = Release|iPhone
		{19D4CA1F-E966-4BB3-9E3E-C924293EFC35}.Release|iPhoneSimulator.ActiveCfg = Release|iPhoneSimulator
		{19D4CA1F-E966-4BB3-9E3E-C924293EFC35}.Release|iPhoneSimulator.Build.0 = Release|iPhoneSimulator
		{B4057E3F-B6D3-4DA8-A46F-A5127B4702DB}.Ad-Hoc|iPhone.ActiveCfg = Debug|Any CPU
		{B4057E3F-B6D3-4DA8-A46F-A5127B4702DB}.Ad-Hoc|iPhone.Build.0 = Debug|Any CPU
		{B4057E3F-B6D3-4DA8-A46F-A5127B4702DB}.AppStore|iPhone.ActiveCfg = Debug|Any CPU
		{B4057E3F-B6D3-4DA8-A46F-A5127B4702DB}.AppStore|iPhone.Build.0 = Debug|Any CPU
		{B4057E3F-B6D3-4DA8-A46F-A5127B4702DB}.Debug|Any CPU.ActiveCfg = Debug|Any CPU
		{B4057E3F-B6D3-4DA8-A46F-A5127B4702DB}.Debug|Any CPU.Build.0 = Debug|Any CPU
		{B4057E3F-B6D3-4DA8-A46F-A5127B4702DB}.Debug|iPhone.ActiveCfg = Debug|Any CPU
		{B4057E3F-B6D3-4DA8-A46F-A5127B4702DB}.Debug|iPhone.Build.0 = Debug|Any CPU
		{B4057E3F-B6D3-4DA8-A46F-A5127B4702DB}.Debug|iPhoneSimulator.ActiveCfg = Debug|Any CPU
		{B4057E3F-B6D3-4DA8-A46F-A5127B4702DB}.Debug|iPhoneSimulator.Build.0 = Debug|Any CPU
		{B4057E3F-B6D3-4DA8-A46F-A5127B4702DB}.Release|Any CPU.ActiveCfg = Release|Any CPU
		{B4057E3F-B6D3-4DA8-A46F-A5127B4702DB}.Release|Any CPU.Build.0 = Release|Any CPU
		{B4057E3F-B6D3-4DA8-A46F-A5127B4702DB}.Release|iPhone.ActiveCfg = Release|Any CPU
		{B4057E3F-B6D3-4DA8-A46F-A5127B4702DB}.Release|iPhone.Build.0 = Release|Any CPU
		{B4057E3F-B6D3-4DA8-A46F-A5127B4702DB}.Release|iPhoneSimulator.ActiveCfg = Release|Any CPU
		{B4057E3F-B6D3-4DA8-A46F-A5127B4702DB}.Release|iPhoneSimulator.Build.0 = Release|Any CPU
	EndGlobalSection
	GlobalSection(MonoDevelopProperties) = preSolution
		StartupItem = TipCalc.Core\TipCalc.Core.csproj
	EndGlobalSection
EndGlobal
